
Microsoft Visual Studio Solution File, Format Version 12.00
# Visual Studio Version 16
VisualStudioVersion = 16.0.30413.136
MinimumVisualStudioVersion = 10.0.40219.1
Project("{FAE04EC0-301F-11D3-BF4B-00C04F79EFBC}") = "SaraAPI", "SaraAPI.csproj", "{8564F375-4EEE-49F7-BAB4-7B06A3AE25A8}"
EndProject
Global
	GlobalSection(SolutionConfigurationPlatforms) = preSolution
		Debug|Any CPU = Debug|Any CPU
		Release|Any CPU = Release|Any CPU
	EndGlobalSection
	GlobalSection(ProjectConfigurationPlatforms) = postSolution
		{8564F375-4EEE-49F7-BAB4-7B06A3AE25A8}.Debug|Any CPU.ActiveCfg = Debug|Any CPU
		{8564F375-4EEE-49F7-BAB4-7B06A3AE25A8}.Debug|Any CPU.Build.0 = Debug|Any CPU
		{8564F375-4EEE-49F7-BAB4-7B06A3AE25A8}.Release|Any CPU.ActiveCfg = Release|Any CPU
		{8564F375-4EEE-49F7-BAB4-7B06A3AE25A8}.Release|Any CPU.Build.0 = Release|Any CPU
	EndGlobalSection
	GlobalSection(SolutionProperties) = preSolution
		HideSolutionNode = FALSE
	EndGlobalSection
	GlobalSection(ExtensibilityGlobals) = postSolution
		SolutionGuid = {83FDBE24-6CB3-45AE-9E19-4DFF3B191E36}
	EndGlobalSection
EndGlobal
